
Microsoft Visual Studio Solution File, Format Version 12.00
# Visual Studio Version 16
VisualStudioVersion = 16.0.31702.278
MinimumVisualStudioVersion = 10.0.40219.1
Project("{FAE04EC0-301F-11D3-BF4B-00C04F79EFBC}") = "TestProject", "TestProject\TestProject.csproj", "{F557D646-A498-4373-8E45-30C30D6CCA30}"
EndProject
Global
	GlobalSection(SolutionConfigurationPlatforms) = preSolution
		Debug|Any CPU = Debug|Any CPU
		Release|Any CPU = Release|Any CPU
	EndGlobalSection
	GlobalSection(ProjectConfigurationPlatforms) = postSolution
		{F557D646-A498-4373-8E45-30C30D6CCA30}.Debug|Any CPU.ActiveCfg = Debug|Any CPU
		{F557D646-A498-4373-8E45-30C30D6CCA30}.Debug|Any CPU.Build.0 = Debug|Any CPU
		{F557D646-A498-4373-8E45-30C30D6CCA30}.Release|Any CPU.ActiveCfg = Release|Any CPU
		{F557D646-A498-4373-8E45-30C30D6CCA30}.Release|Any CPU.Build.0 = Release|Any CPU
	EndGlobalSection
	GlobalSection(SolutionProperties) = preSolution
		HideSolutionNode = FALSE
	EndGlobalSection
	GlobalSection(ExtensibilityGlobals) = postSolution
		SolutionGuid = {04C5E01D-9F95-43D3-8FD4-351420BF8CC7}
	EndGlobalSection
EndGlobal
